// !$*UTF8*$!
{
	archiveVersion = 1;
	classes = {
	};
	objectVersion = 50;
	objects = {

/* Begin PBXBuildFile section */
		9388D975244BF9DB00014250 /* AppDelegate.m in Sources */ = {isa = PBXBuildFile; fileRef = 9388D974244BF9DB00014250 /* AppDelegate.m */; };
		9388D978244BF9DB00014250 /* SceneDelegate.m in Sources */ = {isa = PBXBuildFile; fileRef = 9388D977244BF9DB00014250 /* SceneDelegate.m */; };
		9388D97B244BF9DB00014250 /* ViewController.m in Sources */ = {isa = PBXBuildFile; fileRef = 9388D97A244BF9DB00014250 /* ViewController.m */; };
		9388D97E244BF9DB00014250 /* Main.storyboard in Resources */ = {isa = PBXBuildFile; fileRef = 9388D97C244BF9DB00014250 /* Main.storyboard */; };
		9388D980244BF9E700014250 /* Assets.xcassets in Resources */ = {isa = PBXBuildFile; fileRef = 9388D97F244BF9E700014250 /* Assets.xcassets */; };
		9388D983244BF9E700014250 /* LaunchScreen.storyboard in Resources */ = {isa = PBXBuildFile; fileRef = 9388D981244BF9E700014250 /* LaunchScreen.storyboard */; };
		9388D986244BF9E700014250 /* main.m in Sources */ = {isa = PBXBuildFile; fileRef = 9388D985244BF9E700014250 /* main.m */; };
		9388D990244BF9E800014250 /* testproTests.m in Sources */ = {isa = PBXBuildFile; fileRef = 9388D98F244BF9E800014250 /* testproTests.m */; };
		9388D99B244BF9E800014250 /* testproUITests.m in Sources */ = {isa = PBXBuildFile; fileRef = 9388D99A244BF9E800014250 /* testproUITests.m */; };
/* End PBXBuildFile section */

/* Begin PBXContainerItemProxy section */
		9388D98C244BF9E800014250 /* PBXContainerItemProxy */ = {
			isa = PBXContainerItemProxy;
			containerPortal = 9388D968244BF9DB00014250 /* Project object */;
			proxyType = 1;
			remoteGlobalIDString = 9388D96F244BF9DB00014250;
			remoteInfo = testpro;
		};
		9388D997244BF9E800014250 /* PBXContainerItemProxy */ = {
			isa = PBXContainerItemProxy;
			containerPortal = 9388D968244BF9DB00014250 /* Project object */;
			proxyType = 1;
			remoteGlobalIDString = 9388D96F244BF9DB00014250;
			remoteInfo = testpro;
		};
/* End PBXContainerItemProxy section */

/* Begin PBXFileReference section */
		9388D970244BF9DB00014250 /* testpro.app */ = {isa = PBXFileReference; explicitFileType = wrapper.application; includeInIndex = 0; path = testpro.app; sourceTree = BUILT_PRODUCTS_DIR; };
		9388D973244BF9DB00014250 /* AppDelegate.h */ = {isa = PBXFileReference; lastKnownFileType = sourcecode.c.h; path = AppDelegate.h; sourceTree = "<group>"; };
		9388D974244BF9DB00014250 /* AppDelegate.m */ = {isa = PBXFileReference; lastKnownFileType = sourcecode.c.objc; path = AppDelegate.m; sourceTree = "<group>"; };
		9388D976244BF9DB00014250 /* SceneDelegate.h */ = {isa = PBXFileReference; lastKnownFileType = sourcecode.c.h; path = SceneDelegate.h; sourceTree = "<group>"; };
		9388D977244BF9DB00014250 /* SceneDelegate.m */ = {isa = PBXFileReference; lastKnownFileType = sourcecode.c.objc; path = SceneDelegate.m; sourceTree = "<group>"; };
		9388D979244BF9DB00014250 /* ViewController.h */ = {isa = PBXFileReference; lastKnownFileType = sourcecode.c.h; path = ViewController.h; sourceTree = "<group>"; };
		9388D97A244BF9DB00014250 /* ViewController.m */ = {isa = PBXFileReference; lastKnownFileType = sourcecode.c.objc; path = ViewController.m; sourceTree = "<group>"; };
		9388D97D244BF9DB00014250 /* Base */ = {isa = PBXFileReference; lastKnownFileType = file.storyboard; name = Base; path = Base.lproj/Main.storyboard; sourceTree = "<group>"; };
		9388D97F244BF9E700014250 /* Assets.xcassets */ = {isa = PBXFileReference; lastKnownFileType = folder.assetcatalog; path = Assets.xcassets; sourceTree = "<group>"; };
		9388D982244BF9E700014250 /* Base */ = {isa = PBXFileReference; lastKnownFileType = file.storyboard; name = Base; path = Base.lproj/LaunchScreen.storyboard; sourceTree = "<group>"; };
		9388D984244BF9E700014250 /* Info.plist */ = {isa = PBXFileReference; lastKnownFileType = text.plist.xml; path = Info.plist; sourceTree = "<group>"; };
		9388D985244BF9E700014250 /* main.m */ = {isa = PBXFileReference; lastKnownFileType = sourcecode.c.objc; path = main.m; sourceTree = "<group>"; };
		9388D98B244BF9E800014250 /* testproTests.xctest */ = {isa = PBXFileReference; explicitFileType = wrapper.cfbundle; includeInIndex = 0; path = testproTests.xctest; sourceTree = BUILT_PRODUCTS_DIR; };
		9388D98F244BF9E800014250 /* testproTests.m */ = {isa = PBXFileReference; lastKnownFileType = sourcecode.c.objc; path = testproTests.m; sourceTree = "<group>"; };
		9388D991244BF9E800014250 /* Info.plist */ = {isa = PBXFileReference; lastKnownFileType = text.plist.xml; path = Info.plist; sourceTree = "<group>"; };
		9388D996244BF9E800014250 /* testproUITests.xctest */ = {isa = PBXFileReference; explicitFileType = wrapper.cfbundle; includeInIndex = 0; path = testproUITests.xctest; sourceTree = BUILT_PRODUCTS_DIR; };
		9388D99A244BF9E800014250 /* testproUITests.m */ = {isa = PBXFileReference; lastKnownFileType = sourcecode.c.objc; path = testproUITests.m; sourceTree = "<group>"; };
		9388D99C244BF9E800014250 /* Info.plist */ = {isa = PBXFileReference; lastKnownFileType = text.plist.xml; path = Info.plist; sourceTree = "<group>"; };
/* End PBXFileReference section */

/* Begin PBXFrameworksBuildPhase section */
		9388D96D244BF9DB00014250 /* Frameworks */ = {
			isa = PBXFrameworksBuildPhase;
			buildActionMask = 2147483647;
			files = (
			);
			runOnlyForDeploymentPostprocessing = 0;
		};
		9388D988244BF9E800014250 /* Frameworks */ = {
			isa = PBXFrameworksBuildPhase;
			buildActionMask = 2147483647;
			files = (
			);
			runOnlyForDeploymentPostprocessing = 0;
		};
		9388D993244BF9E800014250 /* Frameworks */ = {
			isa = PBXFrameworksBuildPhase;
			buildActionMask = 2147483647;
			files = (
			);
			runOnlyForDeploymentPostprocessing = 0;
		};
/* End PBXFrameworksBuildPhase section */

/* Begin PBXGroup section */
		9388D967244BF9DB00014250 = {
			isa = PBXGroup;
			children = (
				9388D972244BF9DB00014250 /* testpro */,
				9388D98E244BF9E800014250 /* testproTests */,
				9388D999244BF9E800014250 /* testproUITests */,
				9388D971244BF9DB00014250 /* Products */,
			);
			sourceTree = "<group>";
		};
		9388D971244BF9DB00014250 /* Products */ = {
			isa = PBXGroup;
			children = (
				9388D970244BF9DB00014250 /* testpro.app */,
				9388D98B244BF9E800014250 /* testproTests.xctest */,
				9388D996244BF9E800014250 /* testproUITests.xctest */,
			);
			name = Products;
			sourceTree = "<group>";
		};
		9388D972244BF9DB00014250 /* testpro */ = {
			isa = PBXGroup;
			children = (
				9388D973244BF9DB00014250 /* AppDelegate.h */,
				9388D974244BF9DB00014250 /* AppDelegate.m */,
				9388D976244BF9DB00014250 /* SceneDelegate.h */,
				9388D977244BF9DB00014250 /* SceneDelegate.m */,
				9388D979244BF9DB00014250 /* ViewController.h */,
				9388D97A244BF9DB00014250 /* ViewController.m */,
				9388D97C244BF9DB00014250 /* Main.storyboard */,
				9388D97F244BF9E700014250 /* Assets.xcassets */,
				9388D981244BF9E700014250 /* LaunchScreen.storyboard */,
				9388D984244BF9E700014250 /* Info.plist */,
				9388D985244BF9E700014250 /* main.m */,
			);
			path = testpro;
			sourceTree = "<group>";
		};
		9388D98E244BF9E800014250 /* testproTests */ = {
			isa = PBXGroup;
			children = (
				9388D98F244BF9E800014250 /* testproTests.m */,
				9388D991244BF9E800014250 /* Info.plist */,
			);
			path = testproTests;
			sourceTree = "<group>";
		};
		9388D999244BF9E800014250 /* testproUITests */ = {
			isa = PBXGroup;
			children = (
				9388D99A244BF9E800014250 /* testproUITests.m */,
				9388D99C244BF9E800014250 /* Info.plist */,
			);
			path = testproUITests;
			sourceTree = "<group>";
		};
/* End PBXGroup section */

/* Begin PBXNativeTarget section */
		9388D96F244BF9DB00014250 /* testpro */ = {
			isa = PBXNativeTarget;
			buildConfigurationList = 9388D99F244BF9E800014250 /* Build configuration list for PBXNativeTarget "testpro" */;
			buildPhases = (
				9388D96C244BF9DB00014250 /* Sources */,
				9388D96D244BF9DB00014250 /* Frameworks */,
				9388D96E244BF9DB00014250 /* Resources */,
			);
			buildRules = (
			);
			dependencies = (
			);
			name = testpro;
			productName = testpro;
			productReference = 9388D970244BF9DB00014250 /* testpro.app */;
			productType = "com.apple.product-type.application";
		};
		9388D98A244BF9E800014250 /* testproTests */ = {
			isa = PBXNativeTarget;
			buildConfigurationList = 9388D9A2244BF9E800014250 /* Build configuration list for PBXNativeTarget "testproTests" */;
			buildPhases = (
				9388D987244BF9E800014250 /* Sources */,
				9388D988244BF9E800014250 /* Frameworks */,
				9388D989244BF9E800014250 /* Resources */,
			);
			buildRules = (
			);
			dependencies = (
				9388D98D244BF9E800014250 /* PBXTargetDependency */,
			);
			name = testproTests;
			productName = testproTests;
			productReference = 9388D98B244BF9E800014250 /* testproTests.xctest */;
			productType = "com.apple.product-type.bundle.unit-test";
		};
		9388D995244BF9E800014250 /* testproUITests */ = {
			isa = PBXNativeTarget;
			buildConfigurationList = 9388D9A5244BF9E800014250 /* Build configuration list for PBXNativeTarget "testproUITests" */;
			buildPhases = (
				9388D992244BF9E800014250 /* Sources */,
				9388D993244BF9E800014250 /* Frameworks */,
				9388D994244BF9E800014250 /* Resources */,
			);
			buildRules = (
			);
			dependencies = (
				9388D998244BF9E800014250 /* PBXTargetDependency */,
			);
			name = testproUITests;
			productName = testproUITests;
			productReference = 9388D996244BF9E800014250 /* testproUITests.xctest */;
			productType = "com.apple.product-type.bundle.ui-testing";
		};
/* End PBXNativeTarget section */

/* Begin PBXProject section */
		9388D968244BF9DB00014250 /* Project object */ = {
			isa = PBXProject;
			attributes = {
				LastUpgradeCheck = 1100;
				ORGANIZATIONNAME = YiQiJu;
				TargetAttributes = {
					9388D96F244BF9DB00014250 = {
						CreatedOnToolsVersion = 11.0;
					};
					9388D98A244BF9E800014250 = {
						CreatedOnToolsVersion = 11.0;
						TestTargetID = 9388D96F244BF9DB00014250;
					};
					9388D995244BF9E800014250 = {
						CreatedOnToolsVersion = 11.0;
						TestTargetID = 9388D96F244BF9DB00014250;
					};
				};
			};
			buildConfigurationList = 9388D96B244BF9DB00014250 /* Build configuration list for PBXProject "testpro" */;
			compatibilityVersion = "Xcode 9.3";
			developmentRegion = en;
			hasScannedForEncodings = 0;
			knownRegions = (
				en,
				Base,
			);
			mainGroup = 9388D967244BF9DB00014250;
			productRefGroup = 9388D971244BF9DB00014250 /* Products */;
			projectDirPath = "";
			projectRoot = "";
			targets = (
				9388D96F244BF9DB00014250 /* testpro */,
				9388D98A244BF9E800014250 /* testproTests */,
				9388D995244BF9E800014250 /* testproUITests */,
			);
		};
/* End PBXProject section */

/* Begin PBXResourcesBuildPhase section */
		9388D96E244BF9DB00014250 /* Resources */ = {
			isa = PBXResourcesBuildPhase;
			buildActionMask = 2147483647;
			files = (
				9388D983244BF9E700014250 /* LaunchScreen.storyboard in Resources */,
				9388D980244BF9E700014250 /* Assets.xcassets in Resources */,
				9388D97E244BF9DB00014250 /* Main.storyboard in Resources */,
			);
			runOnlyForDeploymentPostprocessing = 0;
		};
		9388D989244BF9E800014250 /* Resources */ = {
			isa = PBXResourcesBuildPhase;
			buildActionMask = 2147483647;
			files = (
			);
			runOnlyForDeploymentPostprocessing = 0;
		};
		9388D994244BF9E800014250 /* Resources */ = {
			isa = PBXResourcesBuildPhase;
			buildActionMask = 2147483647;
			files = (
			);
			runOnlyForDeploymentPostprocessing = 0;
		};
/* End PBXResourcesBuildPhase section */

/* Begin PBXSourcesBuildPhase section */
		9388D96C244BF9DB00014250 /* Sources */ = {
			isa = PBXSourcesBuildPhase;
			buildActionMask = 2147483647;
			files = (
				9388D97B244BF9DB00014250 /* ViewController.m in Sources */,
				9388D975244BF9DB00014250 /* AppDelegate.m in Sources */,
				9388D986244BF9E700014250 /* main.m in Sources */,
				9388D978244BF9DB00014250 /* SceneDelegate.m in Sources */,
			);
			runOnlyForDeploymentPostprocessing = 0;
		};
		9388D987244BF9E800014250 /* Sources */ = {
			isa = PBXSourcesBuildPhase;
			buildActionMask = 2147483647;
			files = (
				9388D990244BF9E800014250 /* testproTests.m in Sources */,
			);
			runOnlyForDeploymentPostprocessing = 0;
		};
		9388D992244BF9E800014250 /* Sources */ = {
			isa = PBXSourcesBuildPhase;
			buildActionMask = 2147483647;
			files = (
				9388D99B244BF9E800014250 /* testproUITests.m in Sources */,
			);
			runOnlyForDeploymentPostprocessing = 0;
		};
/* End PBXSourcesBuildPhase section */

/* Begin PBXTargetDependency section */
		9388D98D244BF9E800014250 /* PBXTargetDependency */ = {
			isa = PBXTargetDependency;
			target = 9388D96F244BF9DB00014250 /* testpro */;
			targetProxy = 9388D98C244BF9E800014250 /* PBXContainerItemProxy */;
		};
		9388D998244BF9E800014250 /* PBXTargetDependency */ = {
			isa = PBXTargetDependency;
			target = 9388D96F244BF9DB00014250 /* testpro */;
			targetProxy = 9388D997244BF9E800014250 /* PBXContainerItemProxy */;
		};
/* End PBXTargetDependency section */

/* Begin PBXVariantGroup section */
		9388D97C244BF9DB00014250 /* Main.storyboard */ = {
			isa = PBXVariantGroup;
			children = (
				9388D97D244BF9DB00014250 /* Base */,
			);
			name = Main.storyboard;
			sourceTree = "<group>";
		};
		9388D981244BF9E700014250 /* LaunchScreen.storyboard */ = {
			isa = PBXVariantGroup;
			children = (
				9388D982244BF9E700014250 /* Base */,
			);
			name = LaunchScreen.storyboard;
			sourceTree = "<group>";
		};
/* End PBXVariantGroup section */

/* Begin XCBuildConfiguration section */
		9388D99D244BF9E800014250 /* Debug */ = {
			isa = XCBuildConfiguration;
			buildSettings = {
				ALWAYS_SEARCH_USER_PATHS = NO;
				CLANG_ANALYZER_NONNULL = YES;
				CLANG_ANALYZER_NUMBER_OBJECT_CONVERSION = YES_AGGRESSIVE;
				CLANG_CXX_LANGUAGE_STANDARD = "gnu++14";
				CLANG_CXX_LIBRARY = "libc++";
				CLANG_ENABLE_MODULES = YES;
				CLANG_ENABLE_OBJC_ARC = YES;
				CLANG_ENABLE_OBJC_WEAK = YES;
				CLANG_WARN_BLOCK_CAPTURE_AUTORELEASING = YES;
				CLANG_WARN_BOOL_CONVERSION = YES;
				CLANG_WARN_COMMA = YES;
				CLANG_WARN_CONSTANT_CONVERSION = YES;
				CLANG_WARN_DEPRECATED_OBJC_IMPLEMENTATIONS = YES;
				CLANG_WARN_DIRECT_OBJC_ISA_USAGE = YES_ERROR;
				CLANG_WARN_DOCUMENTATION_COMMENTS = YES;
				CLANG_WARN_EMPTY_BODY = YES;
				CLANG_WARN_ENUM_CONVERSION = YES;
				CLANG_WARN_INFINITE_RECURSION = YES;
				CLANG_WARN_INT_CONVERSION = YES;
				CLANG_WARN_NON_LITERAL_NULL_CONVERSION = YES;
				CLANG_WARN_OBJC_IMPLICIT_RETAIN_SELF = YES;
				CLANG_WARN_OBJC_LITERAL_CONVERSION = YES;
				CLANG_WARN_OBJC_ROOT_CLASS = YES_ERROR;
				CLANG_WARN_RANGE_LOOP_ANALYSIS = YES;
				CLANG_WARN_STRICT_PROTOTYPES = YES;
				CLANG_WARN_SUSPICIOUS_MOVE = YES;
				CLANG_WARN_UNGUARDED_AVAILABILITY = YES_AGGRESSIVE;
				CLANG_WARN_UNREACHABLE_CODE = YES;
				CLANG_WARN__DUPLICATE_METHOD_MATCH = YES;
				COPY_PHASE_STRIP = NO;
				DEBUG_INFORMATION_FORMAT = dwarf;
				ENABLE_STRICT_OBJC_MSGSEND = YES;
				ENABLE_TESTABILITY = YES;
				GCC_C_LANGUAGE_STANDARD = gnu11;
				GCC_DYNAMIC_NO_PIC = NO;
				GCC_NO_COMMON_BLOCKS = YES;
				GCC_OPTIMIZATION_LEVEL = 0;
				GCC_PREPROCESSOR_DEFINITIONS = (
					"DEBUG=1",
					"$(inherited)",
				);
				GCC_WARN_64_TO_32_BIT_CONVERSION = YES;
				GCC_WARN_ABOUT_RETURN_TYPE = YES_ERROR;
				GCC_WARN_UNDECLARED_SELECTOR = YES;
				GCC_WARN_UNINITIALIZED_AUTOS = YES_AGGRESSIVE;
				GCC_WARN_UNUSED_FUNCTION = YES;
				GCC_WARN_UNUSED_VARIABLE = YES;
				IPHONEOS_DEPLOYMENT_TARGET = 13.0;
				MTL_ENABLE_DEBUG_INFO = INCLUDE_SOURCE;
				MTL_FAST_MATH = YES;
				ONLY_ACTIVE_ARCH = YES;
				SDKROOT = iphoneos;
			};
			name = Debug;
		};
		9388D99E244BF9E800014250 /* Release */ = {
			isa = XCBuildConfiguration;
			buildSettings = {
				ALWAYS_SEARCH_USER_PATHS = NO;
				CLANG_ANALYZER_NONNULL = YES;
				CLANG_ANALYZER_NUMBER_OBJECT_CONVERSION = YES_AGGRESSIVE;
				CLANG_CXX_LANGUAGE_STANDARD = "gnu++14";
				CLANG_CXX_LIBRARY = "libc++";
				CLANG_ENABLE_MODULES = YES;
				CLANG_ENABLE_OBJC_ARC = YES;
				CLANG_ENABLE_OBJC_WEAK = YES;
				CLANG_WARN_BLOCK_CAPTURE_AUTORELEASING = YES;
				CLANG_WARN_BOOL_CONVERSION = YES;
				CLANG_WARN_COMMA = YES;
				CLANG_WARN_CONSTANT_CONVERSION = YES;
				CLANG_WARN_DEPRECATED_OBJC_IMPLEMENTATIONS = YES;
				CLANG_WARN_DIRECT_OBJC_ISA_USAGE = YES_ERROR;
				CLANG_WARN_DOCUMENTATION_COMMENTS = YES;
				CLANG_WARN_EMPTY_BODY = YES;
				CLANG_WARN_ENUM_CONVERSION = YES;
				CLANG_WARN_INFINITE_RECURSION = YES;
				CLANG_WARN_INT_CONVERSION = YES;
				CLANG_WARN_NON_LITERAL_NULL_CONVERSION = YES;
				CLANG_WARN_OBJC_IMPLICIT_RETAIN_SELF = YES;
				CLANG_WARN_OBJC_LITERAL_CONVERSION = YES;
				CLANG_WARN_OBJC_ROOT_CLASS = YES_ERROR;
				CLANG_WARN_RANGE_LOOP_ANALYSIS = YES;
				CLANG_WARN_STRICT_PROTOTYPES = YES;
				CLANG_WARN_SUSPICIOUS_MOVE = YES;
				CLANG_WARN_UNGUARDED_AVAILABILITY = YES_AGGRESSIVE;
				CLANG_WARN_UNREACHABLE_CODE = YES;
				CLANG_WARN__DUPLICATE_METHOD_MATCH = YES;
				COPY_PHASE_STRIP = NO;
				DEBUG_INFORMATION_FORMAT = "dwarf-with-dsym";
				ENABLE_NS_ASSERTIONS = NO;
				ENABLE_STRICT_OBJC_MSGSEND = YES;
				GCC_C_LANGUAGE_STANDARD = gnu11;
				GCC_NO_COMMON_BLOCKS = YES;
				GCC_WARN_64_TO_32_BIT_CONVERSION = YES;
				GCC_WARN_ABOUT_RETURN_TYPE = YES_ERROR;
				GCC_WARN_UNDECLARED_SELECTOR = YES;
				GCC_WARN_UNINITIALIZED_AUTOS = YES_AGGRESSIVE;
				GCC_WARN_UNUSED_FUNCTION = YES;
				GCC_WARN_UNUSED_VARIABLE = YES;
				IPHONEOS_DEPLOYMENT_TARGET = 13.0;
				MTL_ENABLE_DEBUG_INFO = NO;
				MTL_FAST_MATH = YES;
				SDKROOT = iphoneos;
				VALIDATE_PRODUCT = YES;
			};
			name = Release;
		};
		9388D9A0244BF9E800014250 /* Debug */ = {
			isa = XCBuildConfiguration;
			buildSettings = {
				ASSETCATALOG_COMPILER_APPICON_NAME = AppIcon;
				CODE_SIGN_STYLE = Automatic;
				CURRENT_PROJECT_VERSION = 3.1.1;
				DEVELOPMENT_TEAM = VZAH7HT79N;
				INFOPLIST_FILE = testpro/Info.plist;
				LD_RUNPATH_SEARCH_PATHS = (
					"$(inherited)",
					"@executable_path/Frameworks",
				);
				MARKETING_VERSION = 3.1.1;
				PRODUCT_BUNDLE_IDENTIFIER = com.QiJu.mall.testpro;
				PRODUCT_NAME = "$(TARGET_NAME)";
				TARGETED_DEVICE_FAMILY = "1,2";
			};
			name = Debug;
		};
		9388D9A1244BF9E800014250 /* Release */ = {
			isa = XCBuildConfiguration;
			buildSettings = {
				ASSETCATALOG_COMPILER_APPICON_NAME = AppIcon;
				CODE_SIGN_STYLE = Automatic;
				CURRENT_PROJECT_VERSION = 3.1.1;
				DEVELOPMENT_TEAM = VZAH7HT79N;
				INFOPLIST_FILE = testpro/Info.plist;
				LD_RUNPATH_SEARCH_PATHS = (
					"$(inherited)",
					"@executable_path/Frameworks",
				);
				MARKETING_VERSION = 3.1.1;
				PRODUCT_BUNDLE_IDENTIFIER = com.QiJu.mall.testpro;
				PRODUCT_NAME = "$(TARGET_NAME)";
				TARGETED_DEVICE_FAMILY = "1,2";
			};
			name = Release;
		};
		9388D9A3244BF9E800014250 /* Debug */ = {
			isa = XCBuildConfiguration;
			buildSettings = {
				BUNDLE_LOADER = "$(TEST_HOST)";
				CODE_SIGN_STYLE = Automatic;
				DEVELOPMENT_TEAM = VZAH7HT79N;
				INFOPLIST_FILE = testproTests/Info.plist;
				IPHONEOS_DEPLOYMENT_TARGET = 13.0;
				LD_RUNPATH_SEARCH_PATHS = (
					"$(inherited)",
					"@executable_path/Frameworks",
					"@loader_path/Frameworks",
				);
				PRODUCT_BUNDLE_IDENTIFIER = com.QiJu.mall.testproTests;
				PRODUCT_NAME = "$(TARGET_NAME)";
				TARGETED_DEVICE_FAMILY = "1,2";
				TEST_HOST = "$(BUILT_PRODUCTS_DIR)/testpro.app/testpro";
			};
			name = Debug;
		};
		9388D9A4244BF9E800014250 /* Release */ = {
			isa = XCBuildConfiguration;
			buildSettings = {
				BUNDLE_LOADER = "$(TEST_HOST)";
				CODE_SIGN_STYLE = Automatic;
				DEVELOPMENT_TEAM = VZAH7HT79N;
				INFOPLIST_FILE = testproTests/Info.plist;
				IPHONEOS_DEPLOYMENT_TARGET = 13.0;
				LD_RUNPATH_SEARCH_PATHS = (
					"$(inherited)",
					"@executable_path/Frameworks",
					"@loader_path/Frameworks",
				);
				PRODUCT_BUNDLE_IDENTIFIER = com.QiJu.mall.testproTests;
				PRODUCT_NAME = "$(TARGET_NAME)";
				TARGETED_DEVICE_FAMILY = "1,2";
				TEST_HOST = "$(BUILT_PRODUCTS_DIR)/testpro.app/testpro";
			};
			name = Release;
		};
		9388D9A6244BF9E800014250 /* Debug */ = {
			isa = XCBuildConfiguration;
			buildSettings = {
				CODE_SIGN_STYLE = Automatic;
				DEVELOPMENT_TEAM = VZAH7HT79N;
				INFOPLIST_FILE = testproUITests/Info.plist;
				LD_RUNPATH_SEARCH_PATHS = (
					"$(inherited)",
					"@executable_path/Frameworks",
					"@loader_path/Frameworks",
				);
				PRODUCT_BUNDLE_IDENTIFIER = com.QiJu.mall.testproUITests;
				PRODUCT_NAME = "$(TARGET_NAME)";
				TARGETED_DEVICE_FAMILY = "1,2";
				TEST_TARGET_NAME = testpro;
			};
			name = Debug;
		};
		9388D9A7244BF9E800014250 /* Release */ = {
			isa = XCBuildConfiguration;
			buildSettings = {
				CODE_SIGN_STYLE = Automatic;
				DEVELOPMENT_TEAM = VZAH7HT79N;
				INFOPLIST_FILE = testproUITests/Info.plist;
				LD_RUNPATH_SEARCH_PATHS = (
					"$(inherited)",
					"@executable_path/Frameworks",
					"@loader_path/Frameworks",
				);
				PRODUCT_BUNDLE_IDENTIFIER = com.QiJu.mall.testproUITests;
				PRODUCT_NAME = "$(TARGET_NAME)";
				TARGETED_DEVICE_FAMILY = "1,2";
				TEST_TARGET_NAME = testpro;
			};
			name = Release;
		};
/* End XCBuildConfiguration section */

/* Begin XCConfigurationList section */
		9388D96B244BF9DB00014250 /* Build configuration list for PBXProject "testpro" */ = {
			isa = XCConfigurationList;
			buildConfigurations = (
				9388D99D244BF9E800014250 /* Debug */,
				9388D99E244BF9E800014250 /* Release */,
			);
			defaultConfigurationIsVisible = 0;
			defaultConfigurationName = Release;
		};
		9388D99F244BF9E800014250 /* Build configuration list for PBXNativeTarget "testpro" */ = {
			isa = XCConfigurationList;
			buildConfigurations = (
				9388D9A0244BF9E800014250 /* Debug */,
				9388D9A1244BF9E800014250 /* Release */,
			);
			defaultConfigurationIsVisible = 0;
			defaultConfigurationName = Release;
		};
		9388D9A2244BF9E800014250 /* Build configuration list for PBXNativeTarget "testproTests" */ = {
			isa = XCConfigurationList;
			buildConfigurations = (
				9388D9A3244BF9E800014250 /* Debug */,
				9388D9A4244BF9E800014250 /* Release */,
			);
			defaultConfigurationIsVisible = 0;
			defaultConfigurationName = Release;
		};
		9388D9A5244BF9E800014250 /* Build configuration list for PBXNativeTarget "testproUITests" */ = {
			isa = XCConfigurationList;
			buildConfigurations = (
				9388D9A6244BF9E800014250 /* Debug */,
				9388D9A7244BF9E800014250 /* Release */,
			);
			defaultConfigurationIsVisible = 0;
			defaultConfigurationName = Release;
		};
/* End XCConfigurationList section */
	};
	rootObject = 9388D968244BF9DB00014250 /* Project object */;
}
